
Microsoft Visual Studio Solution File, Format Version 12.00
# Visual Studio Version 17
VisualStudioVersion = 17.2.32630.192
MinimumVisualStudioVersion = 10.0.40219.1
Project("{FAE04EC0-301F-11D3-BF4B-00C04F79EFBC}") = "EntityLayer", "EntityLayer\EntityLayer.csproj", "{8A39DA7B-8E19-417B-A6EB-91FA2EA70545}"
EndProject
Project("{FAE04EC0-301F-11D3-BF4B-00C04F79EFBC}") = "ConsoleUI", "ConsoleUI\ConsoleUI.csproj", "{46BD5916-D6BA-49D4-A422-459BC6E29B35}"
EndProject
Global
	GlobalSection(SolutionConfigurationPlatforms) = preSolution
		Debug|Any CPU = Debug|Any CPU
		Release|Any CPU = Release|Any CPU
	EndGlobalSection
	GlobalSection(ProjectConfigurationPlatforms) = postSolution
		{8A39DA7B-8E19-417B-A6EB-91FA2EA70545}.Debug|Any CPU.ActiveCfg = Debug|Any CPU
		{8A39DA7B-8E19-417B-A6EB-91FA2EA70545}.Debug|Any CPU.Build.0 = Debug|Any CPU
		{8A39DA7B-8E19-417B-A6EB-91FA2EA70545}.Release|Any CPU.ActiveCfg = Release|Any CPU
		{8A39DA7B-8E19-417B-A6EB-91FA2EA70545}.Release|Any CPU.Build.0 = Release|Any CPU
		{46BD5916-D6BA-49D4-A422-459BC6E29B35}.Debug|Any CPU.ActiveCfg = Debug|Any CPU
		{46BD5916-D6BA-49D4-A422-459BC6E29B35}.Debug|Any CPU.Build.0 = Debug|Any CPU
		{46BD5916-D6BA-49D4-A422-459BC6E29B35}.Release|Any CPU.ActiveCfg = Release|Any CPU
		{46BD5916-D6BA-49D4-A422-459BC6E29B35}.Release|Any CPU.Build.0 = Release|Any CPU
	EndGlobalSection
	GlobalSection(SolutionProperties) = preSolution
		HideSolutionNode = FALSE
	EndGlobalSection
	GlobalSection(ExtensibilityGlobals) = postSolution
		SolutionGuid = {000704D9-485B-4DC9-A8B2-484363151A67}
	EndGlobalSection
EndGlobal
